
Microsoft Visual Studio Solution File, Format Version 11.00
# Visual Studio 2010
Project("{FAE04EC0-301F-11D3-BF4B-00C04F79EFBC}") = "SampleApplication", "src\SampleApplication\SampleApplication.csproj", "{140F4D3E-D729-4F9E-8271-EBF72CB5E203}"
EndProject
Project("{FAE04EC0-301F-11D3-BF4B-00C04F79EFBC}") = "DropDowns", "src\DropDownLists\DropDowns.csproj", "{8FCC16D2-15B4-4984-A05B-3D5749F9B9FF}"
EndProject
Project("{2150E333-8FDC-42A3-9474-1A3956D46DE8}") = "Sample", "Sample", "{C98C072E-E713-4EA1-8184-33D68615EF9B}"
EndProject
Global
	GlobalSection(SolutionConfigurationPlatforms) = preSolution
		Debug|Any CPU = Debug|Any CPU
		Debug|x86 = Debug|x86
		Release|Any CPU = Release|Any CPU
		Release|x86 = Release|x86
	EndGlobalSection
	GlobalSection(ProjectConfigurationPlatforms) = postSolution
		{140F4D3E-D729-4F9E-8271-EBF72CB5E203}.Debug|Any CPU.ActiveCfg = Debug|Any CPU
		{140F4D3E-D729-4F9E-8271-EBF72CB5E203}.Debug|Any CPU.Build.0 = Debug|Any CPU
		{140F4D3E-D729-4F9E-8271-EBF72CB5E203}.Debug|x86.ActiveCfg = Debug|x86
		{140F4D3E-D729-4F9E-8271-EBF72CB5E203}.Debug|x86.Build.0 = Debug|x86
		{140F4D3E-D729-4F9E-8271-EBF72CB5E203}.Release|Any CPU.ActiveCfg = Release|Any CPU
		{140F4D3E-D729-4F9E-8271-EBF72CB5E203}.Release|Any CPU.Build.0 = Release|Any CPU
		{140F4D3E-D729-4F9E-8271-EBF72CB5E203}.Release|x86.ActiveCfg = Release|x86
		{140F4D3E-D729-4F9E-8271-EBF72CB5E203}.Release|x86.Build.0 = Release|x86
		{8FCC16D2-15B4-4984-A05B-3D5749F9B9FF}.Debug|Any CPU.ActiveCfg = Debug|Any CPU
		{8FCC16D2-15B4-4984-A05B-3D5749F9B9FF}.Debug|Any CPU.Build.0 = Debug|Any CPU
		{8FCC16D2-15B4-4984-A05B-3D5749F9B9FF}.Debug|x86.ActiveCfg = Debug|Any CPU
		{8FCC16D2-15B4-4984-A05B-3D5749F9B9FF}.Release|Any CPU.ActiveCfg = Release|Any CPU
		{8FCC16D2-15B4-4984-A05B-3D5749F9B9FF}.Release|Any CPU.Build.0 = Release|Any CPU
		{8FCC16D2-15B4-4984-A05B-3D5749F9B9FF}.Release|x86.ActiveCfg = Release|Any CPU
	EndGlobalSection
	GlobalSection(SolutionProperties) = preSolution
		HideSolutionNode = FALSE
	EndGlobalSection
	GlobalSection(NestedProjects) = preSolution
		{140F4D3E-D729-4F9E-8271-EBF72CB5E203} = {C98C072E-E713-4EA1-8184-33D68615EF9B}
	EndGlobalSection
EndGlobal
