
Microsoft Visual Studio Solution File, Format Version 11.00
# Visual Studio 2010
Project("{FAE04EC0-301F-11D3-BF4B-00C04F79EFBC}") = "DropDowns", "src\DropDowns\DropDowns.csproj", "{140F4D3E-D729-4F9E-8271-EBF72CB5E203}"
EndProject
Global
	GlobalSection(SolutionConfigurationPlatforms) = preSolution
		Debug|Any CPU = Debug|Any CPU
		Release|Any CPU = Release|Any CPU
	EndGlobalSection
	GlobalSection(ProjectConfigurationPlatforms) = postSolution
		{140F4D3E-D729-4F9E-8271-EBF72CB5E203}.Debug|Any CPU.ActiveCfg = Debug|Any CPU
		{140F4D3E-D729-4F9E-8271-EBF72CB5E203}.Debug|Any CPU.Build.0 = Debug|Any CPU
		{140F4D3E-D729-4F9E-8271-EBF72CB5E203}.Release|Any CPU.ActiveCfg = Release|Any CPU
		{140F4D3E-D729-4F9E-8271-EBF72CB5E203}.Release|Any CPU.Build.0 = Release|Any CPU
	EndGlobalSection
	GlobalSection(SolutionProperties) = preSolution
		HideSolutionNode = FALSE
	EndGlobalSection
EndGlobal
